
Microsoft Visual Studio Solution File, Format Version 12.00
# Visual Studio 15
VisualStudioVersion = 15.0.27004.2006
MinimumVisualStudioVersion = 10.0.40219.1
Project("{FAE04EC0-301F-11D3-BF4B-00C04F79EFBC}") = "LanguageCards", "LanguageCards\LanguageCards.csproj", "{B255995E-43E3-4D77-9A0E-02A3A05C4BFD}"
EndProject
Global
	GlobalSection(SolutionConfigurationPlatforms) = preSolution
		Debug|Any CPU = Debug|Any CPU
		Release|Any CPU = Release|Any CPU
	EndGlobalSection
	GlobalSection(ProjectConfigurationPlatforms) = postSolution
		{B255995E-43E3-4D77-9A0E-02A3A05C4BFD}.Debug|Any CPU.ActiveCfg = Debug|Any CPU
		{B255995E-43E3-4D77-9A0E-02A3A05C4BFD}.Debug|Any CPU.Build.0 = Debug|Any CPU
		{B255995E-43E3-4D77-9A0E-02A3A05C4BFD}.Release|Any CPU.ActiveCfg = Release|Any CPU
		{B255995E-43E3-4D77-9A0E-02A3A05C4BFD}.Release|Any CPU.Build.0 = Release|Any CPU
	EndGlobalSection
	GlobalSection(SolutionProperties) = preSolution
		HideSolutionNode = FALSE
	EndGlobalSection
	GlobalSection(ExtensibilityGlobals) = postSolution
		SolutionGuid = {5DD0C57F-B486-4F37-9B3C-2A496AC98691}
	EndGlobalSection
EndGlobal
